
Microsoft Visual Studio Solution File, Format Version 12.00
# Visual Studio Version 16
VisualStudioVersion = 16.0.29009.5
MinimumVisualStudioVersion = 10.0.40219.1
Project("{FAE04EC0-301F-11D3-BF4B-00C04F79EFBC}") = "HelloWorldMicroservice", "HelloWorldMicroservice\HelloWorldMicroservice.csproj", "{CF181FC0-3518-4DF2-BC64-E1E966FECDF1}"
EndProject
Project("{FAE04EC0-301F-11D3-BF4B-00C04F79EFBC}") = "HelloWorldMicroservice.Tests", "HelloWorldMicroservice.Tests\HelloWorldMicroservice.Tests.csproj", "{55EB9750-7AE1-416A-8991-0E404BE95D79}"
EndProject
Global
	GlobalSection(SolutionConfigurationPlatforms) = preSolution
		Debug|Any CPU = Debug|Any CPU
		Release|Any CPU = Release|Any CPU
	EndGlobalSection
	GlobalSection(ProjectConfigurationPlatforms) = postSolution
		{CF181FC0-3518-4DF2-BC64-E1E966FECDF1}.Debug|Any CPU.ActiveCfg = Debug|Any CPU
		{CF181FC0-3518-4DF2-BC64-E1E966FECDF1}.Debug|Any CPU.Build.0 = Debug|Any CPU
		{CF181FC0-3518-4DF2-BC64-E1E966FECDF1}.Release|Any CPU.ActiveCfg = Release|Any CPU
		{CF181FC0-3518-4DF2-BC64-E1E966FECDF1}.Release|Any CPU.Build.0 = Release|Any CPU
		{55EB9750-7AE1-416A-8991-0E404BE95D79}.Debug|Any CPU.ActiveCfg = Debug|Any CPU
		{55EB9750-7AE1-416A-8991-0E404BE95D79}.Debug|Any CPU.Build.0 = Debug|Any CPU
		{55EB9750-7AE1-416A-8991-0E404BE95D79}.Release|Any CPU.ActiveCfg = Release|Any CPU
		{55EB9750-7AE1-416A-8991-0E404BE95D79}.Release|Any CPU.Build.0 = Release|Any CPU
	EndGlobalSection
	GlobalSection(SolutionProperties) = preSolution
		HideSolutionNode = FALSE
	EndGlobalSection
	GlobalSection(ExtensibilityGlobals) = postSolution
		SolutionGuid = {9D9E984E-3C74-4696-8C4A-A964E9B40CCA}
	EndGlobalSection
EndGlobal
